
Microsoft Visual Studio Solution File, Format Version 12.00
# Visual Studio Version 17
VisualStudioVersion = 17.9.34728.123
MinimumVisualStudioVersion = 10.0.40219.1
Project("{FAE04EC0-301F-11D3-BF4B-00C04F79EFBC}") = "WeatherApp", "WeatherApp\WeatherApp.csproj", "{8CAD6C6C-CA3B-4BB7-BB1E-DBE05FB56929}"
EndProject
Global
	GlobalSection(SolutionConfigurationPlatforms) = preSolution
		Debug|Any CPU = Debug|Any CPU
		Release|Any CPU = Release|Any CPU
	EndGlobalSection
	GlobalSection(ProjectConfigurationPlatforms) = postSolution
		{8CAD6C6C-CA3B-4BB7-BB1E-DBE05FB56929}.Debug|Any CPU.ActiveCfg = Debug|Any CPU
		{8CAD6C6C-CA3B-4BB7-BB1E-DBE05FB56929}.Debug|Any CPU.Build.0 = Debug|Any CPU
		{8CAD6C6C-CA3B-4BB7-BB1E-DBE05FB56929}.Release|Any CPU.ActiveCfg = Release|Any CPU
		{8CAD6C6C-CA3B-4BB7-BB1E-DBE05FB56929}.Release|Any CPU.Build.0 = Release|Any CPU
	EndGlobalSection
	GlobalSection(SolutionProperties) = preSolution
		HideSolutionNode = FALSE
	EndGlobalSection
	GlobalSection(ExtensibilityGlobals) = postSolution
		SolutionGuid = {F4A9D59A-35E4-41E8-85A6-E45D84471CF7}
	EndGlobalSection
EndGlobal
